
Microsoft Visual Studio Solution File, Format Version 12.00
# Visual Studio Version 17
VisualStudioVersion = 17.5.002.0
MinimumVisualStudioVersion = 10.0.40219.1
Project("{9A19103F-16F7-4668-BE54-9A1E7A4F7556}") = "LinkTinAPI", "LinkTinAPI.csproj", "{1DE73B6B-7411-4321-AB02-75A552E0512D}"
EndProject
Global
	GlobalSection(SolutionConfigurationPlatforms) = preSolution
		Debug|Any CPU = Debug|Any CPU
		Release|Any CPU = Release|Any CPU
	EndGlobalSection
	GlobalSection(ProjectConfigurationPlatforms) = postSolution
		{1DE73B6B-7411-4321-AB02-75A552E0512D}.Debug|Any CPU.ActiveCfg = Debug|Any CPU
		{1DE73B6B-7411-4321-AB02-75A552E0512D}.Debug|Any CPU.Build.0 = Debug|Any CPU
		{1DE73B6B-7411-4321-AB02-75A552E0512D}.Release|Any CPU.ActiveCfg = Release|Any CPU
		{1DE73B6B-7411-4321-AB02-75A552E0512D}.Release|Any CPU.Build.0 = Release|Any CPU
	EndGlobalSection
	GlobalSection(SolutionProperties) = preSolution
		HideSolutionNode = FALSE
	EndGlobalSection
	GlobalSection(ExtensibilityGlobals) = postSolution
		SolutionGuid = {6D019F36-02CE-43D9-9D80-40A7896A6D08}
	EndGlobalSection
EndGlobal
